# This file is autogenerated, do not edit; changes may be undone by the next 'dep ensure'.


[[projects]]
  branch = "master"
  digest = "1:315c5f2f60c76d89b871c73f9bd5fe689cad96597afd50fb9992228ef80bdd34"
  name = "github.com/alecthomas/template"
  packages = [
    ".",
    "parse",
  ]
  pruneopts = "UT"
  revision = "a0175ee3bccc567396460bf5acd36800cb10c49c"

[[projects]]
  branch = "master"
  digest = "1:c198fdc381e898e8fb62b8eb62758195091c313ad18e52a3067366e1dda2fb3c"
  name = "github.com/alecthomas/units"
  packages = ["."]
  pruneopts = "UT"
  revision = "2efee857e7cfd4f3d0138cc3cbb1b4966962b93a"

[[projects]]
  digest = "1:ebd341bb616b48f11b1e01b205eb12b420398b33240c698765ebc962ce3a80b1"
  name = "github.com/cloudfoundry/noaa"
  packages = [
    ".",
    "consumer",
    "consumer/internal",
    "errors",
  ]
  pruneopts = "UT"
  revision = "89f0843d0ab59863cc78fc44ca5e4ed8c986677e"

[[projects]]
  digest = "1:bf37a8db467de8818a7c287eafe04544b8af9237e9f65d5c4bc5c501e3706a7f"
  name = "github.com/cloudfoundry/sonde-go"
  packages = ["events"]
  pruneopts = "UT"
  revision = "78019103037ae46207993c8816e970d85bf1a9e4"

[[projects]]
  digest = "1:88308e6e46a053b9fb66165c8472b3726a107a8bff6fe230abf1561ae5f907e5"
  name = "github.com/gogo/protobuf"
  packages = [
    "gogoproto",
    "proto",
    "protoc-gen-gogo/descriptor",
  ]
  pruneopts = "UT"
  revision = "30433562cfbf487fe1df7cd26c7bab168d2f14d0"

[[projects]]
  digest = "1:43dd08a10854b2056e615d1b1d22ac94559d822e1f8b6fcc92c1a1057e85188e"
  name = "github.com/gorilla/websocket"
  packages = ["."]
  pruneopts = "UT"
  revision = "a91eba7f97777409bc2c443f5534d41dd20c5720"

[[projects]]
  digest = "1:00f493c23e1be45c78411ef132b84bfd1a68c19ebd9c1a01cdb4e5accd91efa2"
  name = "gopkg.in/alecthomas/kingpin.v2"
  packages = ["."]
  pruneopts = "UT"
  revision = "7f0871f2e17818990e4eed73f9b5c2f429501228"
  version = "v2.2.4"

[solve-meta]
  analyzer-name = "dep"
  analyzer-version = 1
  input-imports = [
    "github.com/cloudfoundry/noaa/consumer",
    "github.com/cloudfoundry/sonde-go/events",
    "github.com/gogo/protobuf/proto",
    "github.com/gorilla/websocket",
    "gopkg.in/alecthomas/kingpin.v2",
  ]
  solver-name = "gps-cdcl"
  solver-version = 1
